// !$*UTF8*$!
{
	archiveVersion = 1;
	classes = {
	};
	objectVersion = 70;
	objects = {

/* Begin PBXBuildFile section */
		1F106AC02D7D9D5700F55B20 /* PageStyleTabView.swift in Sources */ = {isa = PBXBuildFile; fileRef = 1F106ABF2D7D9D5700F55B20 /* PageStyleTabView.swift */; };
		1F564B3A2D1829E7009504A0 /* Preview Assets.xcassets in Resources */ = {isa = PBXBuildFile; fileRef = 1F564AF72D1829E7009504A0 /* Preview Assets.xcassets */; };
		1F564B3B2D1829E7009504A0 /* Euroformular-zaznamu-o-dopravni-nehode.pdf in Resources */ = {isa = PBXBuildFile; fileRef = 1F564B0D2D1829E7009504A0 /* Euroformular-zaznamu-o-dopravni-nehode.pdf */; };
		1F564B3C2D1829E7009504A0 /* form.png in Resources */ = {isa = PBXBuildFile; fileRef = 1F564B0E2D1829E7009504A0 /* form.png */; };
		1F564B3D2D1829E7009504A0 /* .swiftlint.yml in Resources */ = {isa = PBXBuildFile; fileRef = 1F564B342D1829E7009504A0 /* .swiftlint.yml */; };
		1F564B3E2D1829E7009504A0 /* Assets.xcassets in Resources */ = {isa = PBXBuildFile; fileRef = 1F564B372D1829E7009504A0 /* Assets.xcassets */; };
		1F564B3F2D1829E7009504A0 /* CoreDataManager.swift in Sources */ = {isa = PBXBuildFile; fileRef = 1F564AE72D1829E7009504A0 /* CoreDataManager.swift */; };
		1F564B402D1829E7009504A0 /* PDFManager.swift in Sources */ = {isa = PBXBuildFile; fileRef = 1F564AE82D1829E7009504A0 /* PDFManager.swift */; };
		1F564B412D1829E7009504A0 /* VehicleManager.swift in Sources */ = {isa = PBXBuildFile; fileRef = 1F564AE92D1829E7009504A0 /* VehicleManager.swift */; };
		1F564B422D1829E7009504A0 /* MockDataRepository.swift in Sources */ = {isa = PBXBuildFile; fileRef = 1F564AEB2D1829E7009504A0 /* MockDataRepository.swift */; };
		1F564B432D1829E7009504A0 /* MockPresenter.swift in Sources */ = {isa = PBXBuildFile; fileRef = 1F564AEC2D1829E7009504A0 /* MockPresenter.swift */; };
		1F564B442D1829E7009504A0 /* AccidentReport.swift in Sources */ = {isa = PBXBuildFile; fileRef = 1F564AEE2D1829E7009504A0 /* AccidentReport.swift */; };
		1F564B452D1829E7009504A0 /* AccidentReportFillingState.swift in Sources */ = {isa = PBXBuildFile; fileRef = 1F564AEF2D1829E7009504A0 /* AccidentReportFillingState.swift */; };
		1F564B462D1829E7009504A0 /* AccidentReportNavigationState.swift in Sources */ = {isa = PBXBuildFile; fileRef = 1F564AF02D1829E7009504A0 /* AccidentReportNavigationState.swift */; };
		1F564B472D1829E7009504A0 /* RoadShapeSelector.swift in Sources */ = {isa = PBXBuildFile; fileRef = 1F564AF12D1829E7009504A0 /* RoadShapeSelector.swift */; };
		1F564B482D1829E7009504A0 /* Vehicle.swift in Sources */ = {isa = PBXBuildFile; fileRef = 1F564AF22D1829E7009504A0 /* Vehicle.swift */; };
		1F564B492D1829E7009504A0 /* AccidentsPresenter.swift in Sources */ = {isa = PBXBuildFile; fileRef = 1F564AF42D1829E7009504A0 /* AccidentsPresenter.swift */; };
		1F564B4A2D1829E7009504A0 /* ReportPreviewPresenter.swift in Sources */ = {isa = PBXBuildFile; fileRef = 1F564AF52D1829E7009504A0 /* ReportPreviewPresenter.swift */; };
		1F564B4B2D1829E7009504A0 /* AccidentReportRepository.swift in Sources */ = {isa = PBXBuildFile; fileRef = 1F564AF92D1829E7009504A0 /* AccidentReportRepository.swift */; };
		1F564B4C2D1829E7009504A0 /* CoreDataError.swift in Sources */ = {isa = PBXBuildFile; fileRef = 1F564AFA2D1829E7009504A0 /* CoreDataError.swift */; };
		1F564B4D2D1829E7009504A0 /* CoreDataRepository.swift in Sources */ = {isa = PBXBuildFile; fileRef = 1F564AFB2D1829E7009504A0 /* CoreDataRepository.swift */; };
		1F564B4E2D1829E7009504A0 /* AccidentCrashPointView.swift in Sources */ = {isa = PBXBuildFile; fileRef = 1F564AFD2D1829E7009504A0 /* AccidentCrashPointView.swift */; };
		1F564B4F2D1829E7009504A0 /* AccidentLocationView.swift in Sources */ = {isa = PBXBuildFile; fileRef = 1F564AFE2D1829E7009504A0 /* AccidentLocationView.swift */; };
		1F564B502D1829E7009504A0 /* AccidentSituationView.swift in Sources */ = {isa = PBXBuildFile; fileRef = 1F564AFF2D1829E7009504A0 /* AccidentSituationView.swift */; };
		1F564B512D1829E7009504A0 /* AccidentsListView.swift in Sources */ = {isa = PBXBuildFile; fileRef = 1F564B002D1829E7009504A0 /* AccidentsListView.swift */; };
		1F564B522D1829E7009504A0 /* AccidentsNavigationView.swift in Sources */ = {isa = PBXBuildFile; fileRef = 1F564B012D1829E7009504A0 /* AccidentsNavigationView.swift */; };
		1F564B532D1829E7009504A0 /* DescriptionView.swift in Sources */ = {isa = PBXBuildFile; fileRef = 1F564B022D1829E7009504A0 /* DescriptionView.swift */; };
		1F564B542D1829E7009504A0 /* DriverView.swift in Sources */ = {isa = PBXBuildFile; fileRef = 1F564B032D1829E7009504A0 /* DriverView.swift */; };
		1F564B552D1829E7009504A0 /* ReportPreviewView.swift in Sources */ = {isa = PBXBuildFile; fileRef = 1F564B042D1829E7009504A0 /* ReportPreviewView.swift */; };
		1F564B562D1829E7009504A0 /* ReportPreviewWrapper.swift in Sources */ = {isa = PBXBuildFile; fileRef = 1F564B052D1829E7009504A0 /* ReportPreviewWrapper.swift */; };
		1F564B572D1829E7009504A0 /* PreloadDataView.swift in Sources */ = {isa = PBXBuildFile; fileRef = 1F564B072D1829E7009504A0 /* PreloadDataView.swift */; };
		1F564B582D1829E7009504A0 /* SettingsView.swift in Sources */ = {isa = PBXBuildFile; fileRef = 1F564B092D1829E7009504A0 /* SettingsView.swift */; };
		1F564B592D1829E7009504A0 /* Constants.swift in Sources */ = {isa = PBXBuildFile; fileRef = 1F564B0C2D1829E7009504A0 /* Constants.swift */; };
		1F564B5E2D1829E7009504A0 /* ACButton.swift in Sources */ = {isa = PBXBuildFile; fileRef = 1F564B152D1829E7009504A0 /* ACButton.swift */; };
		1F564B5F2D1829E7009504A0 /* UpperTabBarButton.swift in Sources */ = {isa = PBXBuildFile; fileRef = 1F564B162D1829E7009504A0 /* UpperTabBarButton.swift */; };
		1F564B602D1829E7009504A0 /* ARErrorBlock.swift in Sources */ = {isa = PBXBuildFile; fileRef = 1F564B182D1829E7009504A0 /* ARErrorBlock.swift */; };
		1F564B612D1829E7009504A0 /* IOSCheckboxToggleStyle.swift in Sources */ = {isa = PBXBuildFile; fileRef = 1F564B1A2D1829E7009504A0 /* IOSCheckboxToggleStyle.swift */; };
		1F564B622D1829E7009504A0 /* TitledBorderTextField.swift in Sources */ = {isa = PBXBuildFile; fileRef = 1F564B1C2D1829E7009504A0 /* TitledBorderTextField.swift */; };
		1F564B632D1829E7009504A0 /* AnyTransitions+Ext.swift in Sources */ = {isa = PBXBuildFile; fileRef = 1F564B1E2D1829E7009504A0 /* AnyTransitions+Ext.swift */; };
		1F564B642D1829E7009504A0 /* AccidentGradient.swift in Sources */ = {isa = PBXBuildFile; fileRef = 1F564B202D1829E7009504A0 /* AccidentGradient.swift */; };
		1F564B652D1829E7009504A0 /* AccidentListItemView.swift in Sources */ = {isa = PBXBuildFile; fileRef = 1F564B212D1829E7009504A0 /* AccidentListItemView.swift */; };
		1F564B662D1829E7009504A0 /* ActionButtonView.swift in Sources */ = {isa = PBXBuildFile; fileRef = 1F564B222D1829E7009504A0 /* ActionButtonView.swift */; };
		1F564B672D1829E7009504A0 /* ControlButtonView.swift in Sources */ = {isa = PBXBuildFile; fileRef = 1F564B232D1829E7009504A0 /* ControlButtonView.swift */; };
		1F564B682D1829E7009504A0 /* DraggableArrowView.swift in Sources */ = {isa = PBXBuildFile; fileRef = 1F564B242D1829E7009504A0 /* DraggableArrowView.swift */; };
		1F564B692D1829E7009504A0 /* DraggableView.swift in Sources */ = {isa = PBXBuildFile; fileRef = 1F564B252D1829E7009504A0 /* DraggableView.swift */; };
		1F564B6A2D1829E7009504A0 /* EmptyListView.swift in Sources */ = {isa = PBXBuildFile; fileRef = 1F564B262D1829E7009504A0 /* EmptyListView.swift */; };
		1F564B6B2D1829E7009504A0 /* RoadShape.swift in Sources */ = {isa = PBXBuildFile; fileRef = 1F564B272D1829E7009504A0 /* RoadShape.swift */; };
		1F564B6C2D1829E7009504A0 /* RoadShapeView.swift in Sources */ = {isa = PBXBuildFile; fileRef = 1F564B282D1829E7009504A0 /* RoadShapeView.swift */; };
		1F564B6D2D1829E7009504A0 /* RotationButtoView.swift in Sources */ = {isa = PBXBuildFile; fileRef = 1F564B292D1829E7009504A0 /* RotationButtoView.swift */; };
		1F564B6E2D1829E7009504A0 /* ScaleButtonView.swift in Sources */ = {isa = PBXBuildFile; fileRef = 1F564B2A2D1829E7009504A0 /* ScaleButtonView.swift */; };
		1F564B6F2D1829E7009504A0 /* TickBox.swift in Sources */ = {isa = PBXBuildFile; fileRef = 1F564B2B2D1829E7009504A0 /* TickBox.swift */; };
		1F564B702D1829E7009504A0 /* VehicleButtonView.swift in Sources */ = {isa = PBXBuildFile; fileRef = 1F564B2C2D1829E7009504A0 /* VehicleButtonView.swift */; };
		1F564B712D1829E7009504A0 /* VehicleStatusView.swift in Sources */ = {isa = PBXBuildFile; fileRef = 1F564B2D2D1829E7009504A0 /* VehicleStatusView.swift */; };
		1F564B722D1829E7009504A0 /* VisibleDamageView.swift in Sources */ = {isa = PBXBuildFile; fileRef = 1F564B2E2D1829E7009504A0 /* VisibleDamageView.swift */; };
		1F564B732D1829E7009504A0 /* WitnessView.swift in Sources */ = {isa = PBXBuildFile; fileRef = 1F564B2F2D1829E7009504A0 /* WitnessView.swift */; };
		1F564B742D1829E7009504A0 /* MainTabView.swift in Sources */ = {isa = PBXBuildFile; fileRef = 1F564B312D1829E7009504A0 /* MainTabView.swift */; };
		1F564B752D1829E7009504A0 /* UpperTabBarView.swift in Sources */ = {isa = PBXBuildFile; fileRef = 1F564B322D1829E7009504A0 /* UpperTabBarView.swift */; };
		1F564B762D1829E7009504A0 /* Accidents.xcdatamodeld in Sources */ = {isa = PBXBuildFile; fileRef = 1F564B352D1829E7009504A0 /* Accidents.xcdatamodeld */; };
		1F564B772D1829E7009504A0 /* AccidentsApp.swift in Sources */ = {isa = PBXBuildFile; fileRef = 1F564B362D1829E7009504A0 /* AccidentsApp.swift */; };
		1F564B7D2D1829EC009504A0 /* MockAccidentReportRepository.swift in Sources */ = {isa = PBXBuildFile; fileRef = 1F564B782D1829EC009504A0 /* MockAccidentReportRepository.swift */; };
		1F564B7E2D1829EC009504A0 /* AccidentsPresenterTests.swift in Sources */ = {isa = PBXBuildFile; fileRef = 1F564B7B2D1829EC009504A0 /* AccidentsPresenterTests.swift */; };
		1F564B7F2D1829EC009504A0 /* Accidents.xctestplan in Resources */ = {isa = PBXBuildFile; fileRef = 1F564B7A2D1829EC009504A0 /* Accidents.xctestplan */; };
/* End PBXBuildFile section */

/* Begin PBXContainerItemProxy section */
		1FAEBB992B96159700659397 /* PBXContainerItemProxy */ = {
			isa = PBXContainerItemProxy;
			containerPortal = 1FAEBB802B96159500659397 /* Project object */;
			proxyType = 1;
			remoteGlobalIDString = 1FAEBB872B96159500659397;
			remoteInfo = Accidents;
		};
/* End PBXContainerItemProxy section */

/* Begin PBXFileReference section */
		1F106ABF2D7D9D5700F55B20 /* PageStyleTabView.swift */ = {isa = PBXFileReference; lastKnownFileType = sourcecode.swift; path = PageStyleTabView.swift; sourceTree = "<group>"; };
		1F564AE72D1829E7009504A0 /* CoreDataManager.swift */ = {isa = PBXFileReference; lastKnownFileType = sourcecode.swift; path = CoreDataManager.swift; sourceTree = "<group>"; };
		1F564AE82D1829E7009504A0 /* PDFManager.swift */ = {isa = PBXFileReference; lastKnownFileType = sourcecode.swift; path = PDFManager.swift; sourceTree = "<group>"; };
		1F564AE92D1829E7009504A0 /* VehicleManager.swift */ = {isa = PBXFileReference; lastKnownFileType = sourcecode.swift; path = VehicleManager.swift; sourceTree = "<group>"; };
		1F564AEB2D1829E7009504A0 /* MockDataRepository.swift */ = {isa = PBXFileReference; lastKnownFileType = sourcecode.swift; path = MockDataRepository.swift; sourceTree = "<group>"; };
		1F564AEC2D1829E7009504A0 /* MockPresenter.swift */ = {isa = PBXFileReference; lastKnownFileType = sourcecode.swift; path = MockPresenter.swift; sourceTree = "<group>"; };
		1F564AEE2D1829E7009504A0 /* AccidentReport.swift */ = {isa = PBXFileReference; lastKnownFileType = sourcecode.swift; path = AccidentReport.swift; sourceTree = "<group>"; };
		1F564AEF2D1829E7009504A0 /* AccidentReportFillingState.swift */ = {isa = PBXFileReference; lastKnownFileType = sourcecode.swift; path = AccidentReportFillingState.swift; sourceTree = "<group>"; };
		1F564AF02D1829E7009504A0 /* AccidentReportNavigationState.swift */ = {isa = PBXFileReference; lastKnownFileType = sourcecode.swift; path = AccidentReportNavigationState.swift; sourceTree = "<group>"; };
		1F564AF12D1829E7009504A0 /* RoadShapeSelector.swift */ = {isa = PBXFileReference; lastKnownFileType = sourcecode.swift; path = RoadShapeSelector.swift; sourceTree = "<group>"; };
		1F564AF22D1829E7009504A0 /* Vehicle.swift */ = {isa = PBXFileReference; lastKnownFileType = sourcecode.swift; path = Vehicle.swift; sourceTree = "<group>"; };
		1F564AF42D1829E7009504A0 /* AccidentsPresenter.swift */ = {isa = PBXFileReference; lastKnownFileType = sourcecode.swift; path = AccidentsPresenter.swift; sourceTree = "<group>"; };
		1F564AF52D1829E7009504A0 /* ReportPreviewPresenter.swift */ = {isa = PBXFileReference; lastKnownFileType = sourcecode.swift; path = ReportPreviewPresenter.swift; sourceTree = "<group>"; };
		1F564AF72D1829E7009504A0 /* Preview Assets.xcassets */ = {isa = PBXFileReference; lastKnownFileType = folder.assetcatalog; path = "Preview Assets.xcassets"; sourceTree = "<group>"; };
		1F564AF92D1829E7009504A0 /* AccidentReportRepository.swift */ = {isa = PBXFileReference; lastKnownFileType = sourcecode.swift; path = AccidentReportRepository.swift; sourceTree = "<group>"; };
		1F564AFA2D1829E7009504A0 /* CoreDataError.swift */ = {isa = PBXFileReference; lastKnownFileType = sourcecode.swift; path = CoreDataError.swift; sourceTree = "<group>"; };
		1F564AFB2D1829E7009504A0 /* CoreDataRepository.swift */ = {isa = PBXFileReference; lastKnownFileType = sourcecode.swift; path = CoreDataRepository.swift; sourceTree = "<group>"; };
		1F564AFD2D1829E7009504A0 /* AccidentCrashPointView.swift */ = {isa = PBXFileReference; lastKnownFileType = sourcecode.swift; path = AccidentCrashPointView.swift; sourceTree = "<group>"; };
		1F564AFE2D1829E7009504A0 /* AccidentLocationView.swift */ = {isa = PBXFileReference; lastKnownFileType = sourcecode.swift; path = AccidentLocationView.swift; sourceTree = "<group>"; };
		1F564AFF2D1829E7009504A0 /* AccidentSituationView.swift */ = {isa = PBXFileReference; lastKnownFileType = sourcecode.swift; path = AccidentSituationView.swift; sourceTree = "<group>"; };
		1F564B002D1829E7009504A0 /* AccidentsListView.swift */ = {isa = PBXFileReference; lastKnownFileType = sourcecode.swift; path = AccidentsListView.swift; sourceTree = "<group>"; };
		1F564B012D1829E7009504A0 /* AccidentsNavigationView.swift */ = {isa = PBXFileReference; lastKnownFileType = sourcecode.swift; path = AccidentsNavigationView.swift; sourceTree = "<group>"; };
		1F564B022D1829E7009504A0 /* DescriptionView.swift */ = {isa = PBXFileReference; lastKnownFileType = sourcecode.swift; path = DescriptionView.swift; sourceTree = "<group>"; };
		1F564B032D1829E7009504A0 /* DriverView.swift */ = {isa = PBXFileReference; lastKnownFileType = sourcecode.swift; path = DriverView.swift; sourceTree = "<group>"; };
		1F564B042D1829E7009504A0 /* ReportPreviewView.swift */ = {isa = PBXFileReference; lastKnownFileType = sourcecode.swift; path = ReportPreviewView.swift; sourceTree = "<group>"; };
		1F564B052D1829E7009504A0 /* ReportPreviewWrapper.swift */ = {isa = PBXFileReference; lastKnownFileType = sourcecode.swift; path = ReportPreviewWrapper.swift; sourceTree = "<group>"; };
		1F564B072D1829E7009504A0 /* PreloadDataView.swift */ = {isa = PBXFileReference; lastKnownFileType = sourcecode.swift; path = PreloadDataView.swift; sourceTree = "<group>"; };
		1F564B092D1829E7009504A0 /* SettingsView.swift */ = {isa = PBXFileReference; lastKnownFileType = sourcecode.swift; path = SettingsView.swift; sourceTree = "<group>"; };
		1F564B0C2D1829E7009504A0 /* Constants.swift */ = {isa = PBXFileReference; lastKnownFileType = sourcecode.swift; path = Constants.swift; sourceTree = "<group>"; };
		1F564B0D2D1829E7009504A0 /* Euroformular-zaznamu-o-dopravni-nehode.pdf */ = {isa = PBXFileReference; lastKnownFileType = image.pdf; path = "Euroformular-zaznamu-o-dopravni-nehode.pdf"; sourceTree = "<group>"; };
		1F564B0E2D1829E7009504A0 /* form.png */ = {isa = PBXFileReference; lastKnownFileType = image.png; path = form.png; sourceTree = "<group>"; };
		1F564B152D1829E7009504A0 /* ACButton.swift */ = {isa = PBXFileReference; lastKnownFileType = sourcecode.swift; path = ACButton.swift; sourceTree = "<group>"; };
		1F564B162D1829E7009504A0 /* UpperTabBarButton.swift */ = {isa = PBXFileReference; lastKnownFileType = sourcecode.swift; path = UpperTabBarButton.swift; sourceTree = "<group>"; };
		1F564B182D1829E7009504A0 /* ARErrorBlock.swift */ = {isa = PBXFileReference; lastKnownFileType = sourcecode.swift; path = ARErrorBlock.swift; sourceTree = "<group>"; };
		1F564B1A2D1829E7009504A0 /* IOSCheckboxToggleStyle.swift */ = {isa = PBXFileReference; lastKnownFileType = sourcecode.swift; path = IOSCheckboxToggleStyle.swift; sourceTree = "<group>"; };
		1F564B1C2D1829E7009504A0 /* TitledBorderTextField.swift */ = {isa = PBXFileReference; lastKnownFileType = sourcecode.swift; path = TitledBorderTextField.swift; sourceTree = "<group>"; };
		1F564B1E2D1829E7009504A0 /* AnyTransitions+Ext.swift */ = {isa = PBXFileReference; lastKnownFileType = sourcecode.swift; path = "AnyTransitions+Ext.swift"; sourceTree = "<group>"; };
		1F564B202D1829E7009504A0 /* AccidentGradient.swift */ = {isa = PBXFileReference; lastKnownFileType = sourcecode.swift; path = AccidentGradient.swift; sourceTree = "<group>"; };
		1F564B212D1829E7009504A0 /* AccidentListItemView.swift */ = {isa = PBXFileReference; lastKnownFileType = sourcecode.swift; path = AccidentListItemView.swift; sourceTree = "<group>"; };
		1F564B222D1829E7009504A0 /* ActionButtonView.swift */ = {isa = PBXFileReference; lastKnownFileType = sourcecode.swift; path = ActionButtonView.swift; sourceTree = "<group>"; };
		1F564B232D1829E7009504A0 /* ControlButtonView.swift */ = {isa = PBXFileReference; lastKnownFileType = sourcecode.swift; path = ControlButtonView.swift; sourceTree = "<group>"; };
		1F564B242D1829E7009504A0 /* DraggableArrowView.swift */ = {isa = PBXFileReference; lastKnownFileType = sourcecode.swift; path = DraggableArrowView.swift; sourceTree = "<group>"; };
		1F564B252D1829E7009504A0 /* DraggableView.swift */ = {isa = PBXFileReference; lastKnownFileType = sourcecode.swift; path = DraggableView.swift; sourceTree = "<group>"; };
		1F564B262D1829E7009504A0 /* EmptyListView.swift */ = {isa = PBXFileReference; lastKnownFileType = sourcecode.swift; path = EmptyListView.swift; sourceTree = "<group>"; };
		1F564B272D1829E7009504A0 /* RoadShape.swift */ = {isa = PBXFileReference; lastKnownFileType = sourcecode.swift; path = RoadShape.swift; sourceTree = "<group>"; };
		1F564B282D1829E7009504A0 /* RoadShapeView.swift */ = {isa = PBXFileReference; lastKnownFileType = sourcecode.swift; path = RoadShapeView.swift; sourceTree = "<group>"; };
		1F564B292D1829E7009504A0 /* RotationButtoView.swift */ = {isa = PBXFileReference; lastKnownFileType = sourcecode.swift; path = RotationButtoView.swift; sourceTree = "<group>"; };
		1F564B2A2D1829E7009504A0 /* ScaleButtonView.swift */ = {isa = PBXFileReference; lastKnownFileType = sourcecode.swift; path = ScaleButtonView.swift; sourceTree = "<group>"; };
		1F564B2B2D1829E7009504A0 /* TickBox.swift */ = {isa = PBXFileReference; lastKnownFileType = sourcecode.swift; path = TickBox.swift; sourceTree = "<group>"; };
		1F564B2C2D1829E7009504A0 /* VehicleButtonView.swift */ = {isa = PBXFileReference; lastKnownFileType = sourcecode.swift; path = VehicleButtonView.swift; sourceTree = "<group>"; };
		1F564B2D2D1829E7009504A0 /* VehicleStatusView.swift */ = {isa = PBXFileReference; lastKnownFileType = sourcecode.swift; path = VehicleStatusView.swift; sourceTree = "<group>"; };
		1F564B2E2D1829E7009504A0 /* VisibleDamageView.swift */ = {isa = PBXFileReference; lastKnownFileType = sourcecode.swift; path = VisibleDamageView.swift; sourceTree = "<group>"; };
		1F564B2F2D1829E7009504A0 /* WitnessView.swift */ = {isa = PBXFileReference; lastKnownFileType = sourcecode.swift; path = WitnessView.swift; sourceTree = "<group>"; };
		1F564B312D1829E7009504A0 /* MainTabView.swift */ = {isa = PBXFileReference; lastKnownFileType = sourcecode.swift; path = MainTabView.swift; sourceTree = "<group>"; };
		1F564B322D1829E7009504A0 /* UpperTabBarView.swift */ = {isa = PBXFileReference; lastKnownFileType = sourcecode.swift; path = UpperTabBarView.swift; sourceTree = "<group>"; };
		1F564B342D1829E7009504A0 /* .swiftlint.yml */ = {isa = PBXFileReference; lastKnownFileType = text.yaml; path = .swiftlint.yml; sourceTree = "<group>"; };
		1F564B362D1829E7009504A0 /* AccidentsApp.swift */ = {isa = PBXFileReference; lastKnownFileType = sourcecode.swift; path = AccidentsApp.swift; sourceTree = "<group>"; };
		1F564B372D1829E7009504A0 /* Assets.xcassets */ = {isa = PBXFileReference; lastKnownFileType = folder.assetcatalog; path = Assets.xcassets; sourceTree = "<group>"; };
		1F564B392D1829E7009504A0 /* Accidents.xcdatamodel */ = {isa = PBXFileReference; lastKnownFileType = wrapper.xcdatamodel; path = Accidents.xcdatamodel; sourceTree = "<group>"; };
		1F564B782D1829EC009504A0 /* MockAccidentReportRepository.swift */ = {isa = PBXFileReference; lastKnownFileType = sourcecode.swift; path = MockAccidentReportRepository.swift; sourceTree = "<group>"; };
		1F564B7A2D1829EC009504A0 /* Accidents.xctestplan */ = {isa = PBXFileReference; lastKnownFileType = text; path = Accidents.xctestplan; sourceTree = "<group>"; };
		1F564B7B2D1829EC009504A0 /* AccidentsPresenterTests.swift */ = {isa = PBXFileReference; lastKnownFileType = sourcecode.swift; path = AccidentsPresenterTests.swift; sourceTree = "<group>"; };
		1FAEBB882B96159500659397 /* Accidents.app */ = {isa = PBXFileReference; explicitFileType = wrapper.application; includeInIndex = 0; path = Accidents.app; sourceTree = BUILT_PRODUCTS_DIR; };
		1FAEBB982B96159700659397 /* AccidentsTests.xctest */ = {isa = PBXFileReference; explicitFileType = wrapper.cfbundle; includeInIndex = 0; path = AccidentsTests.xctest; sourceTree = BUILT_PRODUCTS_DIR; };
/* End PBXFileReference section */

/* Begin PBXFileSystemSynchronizedRootGroup section */
		1F1DC1CD2D7F217C00A9AFB0 /* PDFPreview */ = {isa = PBXFileSystemSynchronizedRootGroup; explicitFileTypes = {}; explicitFolders = (); path = PDFPreview; sourceTree = "<group>"; };
/* End PBXFileSystemSynchronizedRootGroup section */

/* Begin PBXFrameworksBuildPhase section */
		1FAEBB852B96159500659397 /* Frameworks */ = {
			isa = PBXFrameworksBuildPhase;
			buildActionMask = 2147483647;
			files = (
			);
			runOnlyForDeploymentPostprocessing = 0;
		};
		1FAEBB952B96159700659397 /* Frameworks */ = {
			isa = PBXFrameworksBuildPhase;
			buildActionMask = 2147483647;
			files = (
			);
			runOnlyForDeploymentPostprocessing = 0;
		};
/* End PBXFrameworksBuildPhase section */

/* Begin PBXGroup section */
		1F564AEA2D1829E7009504A0 /* Managers */ = {
			isa = PBXGroup;
			children = (
				1F564AE72D1829E7009504A0 /* CoreDataManager.swift */,
				1F564AE82D1829E7009504A0 /* PDFManager.swift */,
				1F564AE92D1829E7009504A0 /* VehicleManager.swift */,
			);
			path = Managers;
			sourceTree = "<group>";
		};
		1F564AED2D1829E7009504A0 /* Mocks */ = {
			isa = PBXGroup;
			children = (
				1F564AEB2D1829E7009504A0 /* MockDataRepository.swift */,
				1F564AEC2D1829E7009504A0 /* MockPresenter.swift */,
			);
			path = Mocks;
			sourceTree = "<group>";
		};
		1F564AF32D1829E7009504A0 /* Models */ = {
			isa = PBXGroup;
			children = (
				1F564AEE2D1829E7009504A0 /* AccidentReport.swift */,
				1F564AEF2D1829E7009504A0 /* AccidentReportFillingState.swift */,
				1F564AF02D1829E7009504A0 /* AccidentReportNavigationState.swift */,
				1F564AF12D1829E7009504A0 /* RoadShapeSelector.swift */,
				1F564AF22D1829E7009504A0 /* Vehicle.swift */,
			);
			path = Models;
			sourceTree = "<group>";
		};
		1F564AF62D1829E7009504A0 /* Presenters */ = {
			isa = PBXGroup;
			children = (
				1F564AF42D1829E7009504A0 /* AccidentsPresenter.swift */,
				1F564AF52D1829E7009504A0 /* ReportPreviewPresenter.swift */,
			);
			path = Presenters;
			sourceTree = "<group>";
		};
		1F564AF82D1829E7009504A0 /* Preview Content */ = {
			isa = PBXGroup;
			children = (
				1F564AF72D1829E7009504A0 /* Preview Assets.xcassets */,
			);
			path = "Preview Content";
			sourceTree = "<group>";
		};
		1F564AFC2D1829E7009504A0 /* Repositories */ = {
			isa = PBXGroup;
			children = (
				1F564AF92D1829E7009504A0 /* AccidentReportRepository.swift */,
				1F564AFA2D1829E7009504A0 /* CoreDataError.swift */,
				1F564AFB2D1829E7009504A0 /* CoreDataRepository.swift */,
			);
			path = Repositories;
			sourceTree = "<group>";
		};
		1F564B062D1829E7009504A0 /* AccidentReports */ = {
			isa = PBXGroup;
			children = (
				1F564AFD2D1829E7009504A0 /* AccidentCrashPointView.swift */,
				1F564AFE2D1829E7009504A0 /* AccidentLocationView.swift */,
				1F564AFF2D1829E7009504A0 /* AccidentSituationView.swift */,
				1F564B002D1829E7009504A0 /* AccidentsListView.swift */,
				1F564B012D1829E7009504A0 /* AccidentsNavigationView.swift */,
				1F564B022D1829E7009504A0 /* DescriptionView.swift */,
				1F564B032D1829E7009504A0 /* DriverView.swift */,
				1F564B042D1829E7009504A0 /* ReportPreviewView.swift */,
				1F564B052D1829E7009504A0 /* ReportPreviewWrapper.swift */,
			);
			path = AccidentReports;
			sourceTree = "<group>";
		};
		1F564B082D1829E7009504A0 /* PreloadData */ = {
			isa = PBXGroup;
			children = (
				1F564B072D1829E7009504A0 /* PreloadDataView.swift */,
			);
			path = PreloadData;
			sourceTree = "<group>";
		};
		1F564B0A2D1829E7009504A0 /* Settings */ = {
			isa = PBXGroup;
			children = (
				1F564B092D1829E7009504A0 /* SettingsView.swift */,
			);
			path = Settings;
			sourceTree = "<group>";
		};
		1F564B0B2D1829E7009504A0 /* Screens */ = {
			isa = PBXGroup;
			children = (
				1F564B062D1829E7009504A0 /* AccidentReports */,
				1F564B082D1829E7009504A0 /* PreloadData */,
				1F564B0A2D1829E7009504A0 /* Settings */,
			);
			path = Screens;
			sourceTree = "<group>";
		};
		1F564B0F2D1829E7009504A0 /* Utils */ = {
			isa = PBXGroup;
			children = (
				1F564B0C2D1829E7009504A0 /* Constants.swift */,
				1F564B0D2D1829E7009504A0 /* Euroformular-zaznamu-o-dopravni-nehode.pdf */,
				1F564B0E2D1829E7009504A0 /* form.png */,
			);
			path = Utils;
			sourceTree = "<group>";
		};
		1F564B172D1829E7009504A0 /* Buttons */ = {
			isa = PBXGroup;
			children = (
				1F564B152D1829E7009504A0 /* ACButton.swift */,
				1F564B162D1829E7009504A0 /* UpperTabBarButton.swift */,
			);
			path = Buttons;
			sourceTree = "<group>";
		};
		1F564B192D1829E7009504A0 /* ErrorBlock */ = {
			isa = PBXGroup;
			children = (
				1F564B182D1829E7009504A0 /* ARErrorBlock.swift */,
			);
			path = ErrorBlock;
			sourceTree = "<group>";
		};
		1F564B1B2D1829E7009504A0 /* Styles */ = {
			isa = PBXGroup;
			children = (
				1F564B1A2D1829E7009504A0 /* IOSCheckboxToggleStyle.swift */,
			);
			path = Styles;
			sourceTree = "<group>";
		};
		1F564B1D2D1829E7009504A0 /* TextFields */ = {
			isa = PBXGroup;
			children = (
				1F564B1C2D1829E7009504A0 /* TitledBorderTextField.swift */,
			);
			path = TextFields;
			sourceTree = "<group>";
		};
		1F564B1F2D1829E7009504A0 /* Transitions */ = {
			isa = PBXGroup;
			children = (
				1F564B1E2D1829E7009504A0 /* AnyTransitions+Ext.swift */,
			);
			path = Transitions;
			sourceTree = "<group>";
		};
		1F564B302D1829E7009504A0 /* Components */ = {
			isa = PBXGroup;
			children = (
				1F564B172D1829E7009504A0 /* Buttons */,
				1F564B192D1829E7009504A0 /* ErrorBlock */,
				1F564B1B2D1829E7009504A0 /* Styles */,
				1F564B1D2D1829E7009504A0 /* TextFields */,
				1F564B1F2D1829E7009504A0 /* Transitions */,
				1F564B202D1829E7009504A0 /* AccidentGradient.swift */,
				1F564B212D1829E7009504A0 /* AccidentListItemView.swift */,
				1F564B222D1829E7009504A0 /* ActionButtonView.swift */,
				1F564B232D1829E7009504A0 /* ControlButtonView.swift */,
				1F564B242D1829E7009504A0 /* DraggableArrowView.swift */,
				1F564B252D1829E7009504A0 /* DraggableView.swift */,
				1F564B262D1829E7009504A0 /* EmptyListView.swift */,
				1F564B272D1829E7009504A0 /* RoadShape.swift */,
				1F564B282D1829E7009504A0 /* RoadShapeView.swift */,
				1F564B292D1829E7009504A0 /* RotationButtoView.swift */,
				1F564B2A2D1829E7009504A0 /* ScaleButtonView.swift */,
				1F564B2B2D1829E7009504A0 /* TickBox.swift */,
				1F564B2C2D1829E7009504A0 /* VehicleButtonView.swift */,
				1F564B2D2D1829E7009504A0 /* VehicleStatusView.swift */,
				1F564B2E2D1829E7009504A0 /* VisibleDamageView.swift */,
				1F564B2F2D1829E7009504A0 /* WitnessView.swift */,
			);
			path = Components;
			sourceTree = "<group>";
		};
		1F564B332D1829E7009504A0 /* Views */ = {
			isa = PBXGroup;
			children = (
				1F1DC1CD2D7F217C00A9AFB0 /* PDFPreview */,
				1F564B302D1829E7009504A0 /* Components */,
				1F564B312D1829E7009504A0 /* MainTabView.swift */,
				1F564B322D1829E7009504A0 /* UpperTabBarView.swift */,
				1F106ABF2D7D9D5700F55B20 /* PageStyleTabView.swift */,
			);
			path = Views;
			sourceTree = "<group>";
		};
		1F564B382D1829E7009504A0 /* Accidents */ = {
			isa = PBXGroup;
			children = (
				1F564AEA2D1829E7009504A0 /* Managers */,
				1F564AED2D1829E7009504A0 /* Mocks */,
				1F564AF32D1829E7009504A0 /* Models */,
				1F564AF62D1829E7009504A0 /* Presenters */,
				1F564AF82D1829E7009504A0 /* Preview Content */,
				1F564AFC2D1829E7009504A0 /* Repositories */,
				1F564B0B2D1829E7009504A0 /* Screens */,
				1F564B0F2D1829E7009504A0 /* Utils */,
				1F564B332D1829E7009504A0 /* Views */,
				1F564B342D1829E7009504A0 /* .swiftlint.yml */,
				1F564B352D1829E7009504A0 /* Accidents.xcdatamodeld */,
				1F564B362D1829E7009504A0 /* AccidentsApp.swift */,
				1F564B372D1829E7009504A0 /* Assets.xcassets */,
			);
			path = Accidents;
			sourceTree = "<group>";
		};
		1F564B792D1829EC009504A0 /* Mocks */ = {
			isa = PBXGroup;
			children = (
				1F564B782D1829EC009504A0 /* MockAccidentReportRepository.swift */,
			);
			path = Mocks;
			sourceTree = "<group>";
		};
		1F564B7C2D1829EC009504A0 /* AccidentsTests */ = {
			isa = PBXGroup;
			children = (
				1F564B792D1829EC009504A0 /* Mocks */,
				1F564B7A2D1829EC009504A0 /* Accidents.xctestplan */,
				1F564B7B2D1829EC009504A0 /* AccidentsPresenterTests.swift */,
			);
			path = AccidentsTests;
			sourceTree = "<group>";
		};
		1FAEBB7F2B96159500659397 = {
			isa = PBXGroup;
			children = (
				1F564B382D1829E7009504A0 /* Accidents */,
				1F564B7C2D1829EC009504A0 /* AccidentsTests */,
				1FAEBB892B96159500659397 /* Products */,
			);
			sourceTree = "<group>";
		};
		1FAEBB892B96159500659397 /* Products */ = {
			isa = PBXGroup;
			children = (
				1FAEBB882B96159500659397 /* Accidents.app */,
				1FAEBB982B96159700659397 /* AccidentsTests.xctest */,
			);
			name = Products;
			sourceTree = "<group>";
		};
/* End PBXGroup section */

/* Begin PBXNativeTarget section */
		1FAEBB872B96159500659397 /* Accidents */ = {
			isa = PBXNativeTarget;
			buildConfigurationList = 1FAEBBAC2B96159700659397 /* Build configuration list for PBXNativeTarget "Accidents" */;
			buildPhases = (
				1FAEBB842B96159500659397 /* Sources */,
				1FAEBB852B96159500659397 /* Frameworks */,
				1FAEBB862B96159500659397 /* Resources */,
				1FAF035E2BDAE13C00547C3A /* ShellScript */,
			);
			buildRules = (
			);
			dependencies = (
			);
			fileSystemSynchronizedGroups = (
				1F1DC1CD2D7F217C00A9AFB0 /* PDFPreview */,
			);
			name = Accidents;
			productName = Accidents;
			productReference = 1FAEBB882B96159500659397 /* Accidents.app */;
			productType = "com.apple.product-type.application";
		};
		1FAEBB972B96159700659397 /* AccidentsTests */ = {
			isa = PBXNativeTarget;
			buildConfigurationList = 1FAEBBAF2B96159700659397 /* Build configuration list for PBXNativeTarget "AccidentsTests" */;
			buildPhases = (
				1FAEBB942B96159700659397 /* Sources */,
				1FAEBB952B96159700659397 /* Frameworks */,
				1FAEBB962B96159700659397 /* Resources */,
			);
			buildRules = (
			);
			dependencies = (
				1FAEBB9A2B96159700659397 /* PBXTargetDependency */,
			);
			name = AccidentsTests;
			productName = AccidentsTests;
			productReference = 1FAEBB982B96159700659397 /* AccidentsTests.xctest */;
			productType = "com.apple.product-type.bundle.unit-test";
		};
/* End PBXNativeTarget section */

/* Begin PBXProject section */
		1FAEBB802B96159500659397 /* Project object */ = {
			isa = PBXProject;
			attributes = {
				BuildIndependentTargetsInParallel = 1;
				LastSwiftUpdateCheck = 1520;
				LastUpgradeCheck = 1520;
				TargetAttributes = {
					1FAEBB872B96159500659397 = {
						CreatedOnToolsVersion = 15.2;
					};
					1FAEBB972B96159700659397 = {
						CreatedOnToolsVersion = 15.2;
						TestTargetID = 1FAEBB872B96159500659397;
					};
				};
			};
			buildConfigurationList = 1FAEBB832B96159500659397 /* Build configuration list for PBXProject "Accidents" */;
			compatibilityVersion = "Xcode 14.0";
			developmentRegion = en;
			hasScannedForEncodings = 0;
			knownRegions = (
				en,
				Base,
			);
			mainGroup = 1FAEBB7F2B96159500659397;
			productRefGroup = 1FAEBB892B96159500659397 /* Products */;
			projectDirPath = "";
			projectRoot = "";
			targets = (
				1FAEBB872B96159500659397 /* Accidents */,
				1FAEBB972B96159700659397 /* AccidentsTests */,
			);
		};
/* End PBXProject section */

/* Begin PBXResourcesBuildPhase section */
		1FAEBB862B96159500659397 /* Resources */ = {
			isa = PBXResourcesBuildPhase;
			buildActionMask = 2147483647;
			files = (
				1F564B3A2D1829E7009504A0 /* Preview Assets.xcassets in Resources */,
				1F564B3B2D1829E7009504A0 /* Euroformular-zaznamu-o-dopravni-nehode.pdf in Resources */,
				1F564B3C2D1829E7009504A0 /* form.png in Resources */,
				1F564B3D2D1829E7009504A0 /* .swiftlint.yml in Resources */,
				1F564B3E2D1829E7009504A0 /* Assets.xcassets in Resources */,
			);
			runOnlyForDeploymentPostprocessing = 0;
		};
		1FAEBB962B96159700659397 /* Resources */ = {
			isa = PBXResourcesBuildPhase;
			buildActionMask = 2147483647;
			files = (
				1F564B7F2D1829EC009504A0 /* Accidents.xctestplan in Resources */,
			);
			runOnlyForDeploymentPostprocessing = 0;
		};
/* End PBXResourcesBuildPhase section */

/* Begin PBXShellScriptBuildPhase section */
		1FAF035E2BDAE13C00547C3A /* ShellScript */ = {
			isa = PBXShellScriptBuildPhase;
			alwaysOutOfDate = 1;
			buildActionMask = 2147483647;
			files = (
			);
			inputFileListPaths = (
			);
			inputPaths = (
			);
			outputFileListPaths = (
			);
			outputPaths = (
			);
			runOnlyForDeploymentPostprocessing = 0;
			shellPath = /bin/sh;
			shellScript = "if [[ \"$(uname -m)\" == arm64 ]]; then\n    export PATH=\"/opt/homebrew/bin:$PATH\"\nfi\n\nif which swiftlint > /dev/null; then\n  swiftlint\nelse\n  echo \"warning: SwiftLint not installed, download from https://github.com/realm/SwiftLint\"\nfi\n";
			showEnvVarsInLog = 0;
		};
/* End PBXShellScriptBuildPhase section */

/* Begin PBXSourcesBuildPhase section */
		1FAEBB842B96159500659397 /* Sources */ = {
			isa = PBXSourcesBuildPhase;
			buildActionMask = 2147483647;
			files = (
				1F564B3F2D1829E7009504A0 /* CoreDataManager.swift in Sources */,
				1F564B402D1829E7009504A0 /* PDFManager.swift in Sources */,
				1F564B412D1829E7009504A0 /* VehicleManager.swift in Sources */,
				1F564B422D1829E7009504A0 /* MockDataRepository.swift in Sources */,
				1F564B432D1829E7009504A0 /* MockPresenter.swift in Sources */,
				1F564B442D1829E7009504A0 /* AccidentReport.swift in Sources */,
				1F564B452D1829E7009504A0 /* AccidentReportFillingState.swift in Sources */,
				1F564B462D1829E7009504A0 /* AccidentReportNavigationState.swift in Sources */,
				1F564B472D1829E7009504A0 /* RoadShapeSelector.swift in Sources */,
				1F564B482D1829E7009504A0 /* Vehicle.swift in Sources */,
				1F564B492D1829E7009504A0 /* AccidentsPresenter.swift in Sources */,
				1F564B4A2D1829E7009504A0 /* ReportPreviewPresenter.swift in Sources */,
				1F564B4B2D1829E7009504A0 /* AccidentReportRepository.swift in Sources */,
				1F564B4C2D1829E7009504A0 /* CoreDataError.swift in Sources */,
				1F564B4D2D1829E7009504A0 /* CoreDataRepository.swift in Sources */,
				1F564B4E2D1829E7009504A0 /* AccidentCrashPointView.swift in Sources */,
				1F564B4F2D1829E7009504A0 /* AccidentLocationView.swift in Sources */,
				1F564B502D1829E7009504A0 /* AccidentSituationView.swift in Sources */,
				1F564B512D1829E7009504A0 /* AccidentsListView.swift in Sources */,
				1F564B522D1829E7009504A0 /* AccidentsNavigationView.swift in Sources */,
				1F564B532D1829E7009504A0 /* DescriptionView.swift in Sources */,
				1F564B542D1829E7009504A0 /* DriverView.swift in Sources */,
				1F564B552D1829E7009504A0 /* ReportPreviewView.swift in Sources */,
				1F564B562D1829E7009504A0 /* ReportPreviewWrapper.swift in Sources */,
				1F564B572D1829E7009504A0 /* PreloadDataView.swift in Sources */,
				1F564B582D1829E7009504A0 /* SettingsView.swift in Sources */,
				1F564B592D1829E7009504A0 /* Constants.swift in Sources */,
				1F564B5E2D1829E7009504A0 /* ACButton.swift in Sources */,
				1F564B5F2D1829E7009504A0 /* UpperTabBarButton.swift in Sources */,
				1F564B602D1829E7009504A0 /* ARErrorBlock.swift in Sources */,
				1F564B612D1829E7009504A0 /* IOSCheckboxToggleStyle.swift in Sources */,
				1F564B622D1829E7009504A0 /* TitledBorderTextField.swift in Sources */,
				1F564B632D1829E7009504A0 /* AnyTransitions+Ext.swift in Sources */,
				1F106AC02D7D9D5700F55B20 /* PageStyleTabView.swift in Sources */,
				1F564B642D1829E7009504A0 /* AccidentGradient.swift in Sources */,
				1F564B652D1829E7009504A0 /* AccidentListItemView.swift in Sources */,
				1F564B662D1829E7009504A0 /* ActionButtonView.swift in Sources */,
				1F564B672D1829E7009504A0 /* ControlButtonView.swift in Sources */,
				1F564B682D1829E7009504A0 /* DraggableArrowView.swift in Sources */,
				1F564B692D1829E7009504A0 /* DraggableView.swift in Sources */,
				1F564B6A2D1829E7009504A0 /* EmptyListView.swift in Sources */,
				1F564B6B2D1829E7009504A0 /* RoadShape.swift in Sources */,
				1F564B6C2D1829E7009504A0 /* RoadShapeView.swift in Sources */,
				1F564B6D2D1829E7009504A0 /* RotationButtoView.swift in Sources */,
				1F564B6E2D1829E7009504A0 /* ScaleButtonView.swift in Sources */,
				1F564B6F2D1829E7009504A0 /* TickBox.swift in Sources */,
				1F564B702D1829E7009504A0 /* VehicleButtonView.swift in Sources */,
				1F564B712D1829E7009504A0 /* VehicleStatusView.swift in Sources */,
				1F564B722D1829E7009504A0 /* VisibleDamageView.swift in Sources */,
				1F564B732D1829E7009504A0 /* WitnessView.swift in Sources */,
				1F564B742D1829E7009504A0 /* MainTabView.swift in Sources */,
				1F564B752D1829E7009504A0 /* UpperTabBarView.swift in Sources */,
				1F564B762D1829E7009504A0 /* Accidents.xcdatamodeld in Sources */,
				1F564B772D1829E7009504A0 /* AccidentsApp.swift in Sources */,
			);
			runOnlyForDeploymentPostprocessing = 0;
		};
		1FAEBB942B96159700659397 /* Sources */ = {
			isa = PBXSourcesBuildPhase;
			buildActionMask = 2147483647;
			files = (
				1F564B7D2D1829EC009504A0 /* MockAccidentReportRepository.swift in Sources */,
				1F564B7E2D1829EC009504A0 /* AccidentsPresenterTests.swift in Sources */,
			);
			runOnlyForDeploymentPostprocessing = 0;
		};
/* End PBXSourcesBuildPhase section */

/* Begin PBXTargetDependency section */
		1FAEBB9A2B96159700659397 /* PBXTargetDependency */ = {
			isa = PBXTargetDependency;
			target = 1FAEBB872B96159500659397 /* Accidents */;
			targetProxy = 1FAEBB992B96159700659397 /* PBXContainerItemProxy */;
		};
/* End PBXTargetDependency section */

/* Begin XCBuildConfiguration section */
		1FAEBBAA2B96159700659397 /* Debug */ = {
			isa = XCBuildConfiguration;
			buildSettings = {
				ALWAYS_SEARCH_USER_PATHS = NO;
				ASSETCATALOG_COMPILER_GENERATE_SWIFT_ASSET_SYMBOL_EXTENSIONS = YES;
				CLANG_ANALYZER_NONNULL = YES;
				CLANG_ANALYZER_NUMBER_OBJECT_CONVERSION = YES_AGGRESSIVE;
				CLANG_CXX_LANGUAGE_STANDARD = "gnu++20";
				CLANG_ENABLE_MODULES = YES;
				CLANG_ENABLE_OBJC_ARC = YES;
				CLANG_ENABLE_OBJC_WEAK = YES;
				CLANG_WARN_BLOCK_CAPTURE_AUTORELEASING = YES;
				CLANG_WARN_BOOL_CONVERSION = YES;
				CLANG_WARN_COMMA = YES;
				CLANG_WARN_CONSTANT_CONVERSION = YES;
				CLANG_WARN_DEPRECATED_OBJC_IMPLEMENTATIONS = YES;
				CLANG_WARN_DIRECT_OBJC_ISA_USAGE = YES_ERROR;
				CLANG_WARN_DOCUMENTATION_COMMENTS = YES;
				CLANG_WARN_EMPTY_BODY = YES;
				CLANG_WARN_ENUM_CONVERSION = YES;
				CLANG_WARN_INFINITE_RECURSION = YES;
				CLANG_WARN_INT_CONVERSION = YES;
				CLANG_WARN_NON_LITERAL_NULL_CONVERSION = YES;
				CLANG_WARN_OBJC_IMPLICIT_RETAIN_SELF = YES;
				CLANG_WARN_OBJC_LITERAL_CONVERSION = YES;
				CLANG_WARN_OBJC_ROOT_CLASS = YES_ERROR;
				CLANG_WARN_QUOTED_INCLUDE_IN_FRAMEWORK_HEADER = YES;
				CLANG_WARN_RANGE_LOOP_ANALYSIS = YES;
				CLANG_WARN_STRICT_PROTOTYPES = YES;
				CLANG_WARN_SUSPICIOUS_MOVE = YES;
				CLANG_WARN_UNGUARDED_AVAILABILITY = YES_AGGRESSIVE;
				CLANG_WARN_UNREACHABLE_CODE = YES;
				CLANG_WARN__DUPLICATE_METHOD_MATCH = YES;
				COPY_PHASE_STRIP = NO;
				DEBUG_INFORMATION_FORMAT = dwarf;
				ENABLE_STRICT_OBJC_MSGSEND = YES;
				ENABLE_TESTABILITY = YES;
				ENABLE_USER_SCRIPT_SANDBOXING = YES;
				GCC_C_LANGUAGE_STANDARD = gnu17;
				GCC_DYNAMIC_NO_PIC = NO;
				GCC_NO_COMMON_BLOCKS = YES;
				GCC_OPTIMIZATION_LEVEL = 0;
				GCC_PREPROCESSOR_DEFINITIONS = (
					"DEBUG=1",
					"$(inherited)",
				);
				GCC_WARN_64_TO_32_BIT_CONVERSION = YES;
				GCC_WARN_ABOUT_RETURN_TYPE = YES_ERROR;
				GCC_WARN_UNDECLARED_SELECTOR = YES;
				GCC_WARN_UNINITIALIZED_AUTOS = YES_AGGRESSIVE;
				GCC_WARN_UNUSED_FUNCTION = YES;
				GCC_WARN_UNUSED_VARIABLE = YES;
				IPHONEOS_DEPLOYMENT_TARGET = 17.2;
				LOCALIZATION_PREFERS_STRING_CATALOGS = YES;
				MTL_ENABLE_DEBUG_INFO = INCLUDE_SOURCE;
				MTL_FAST_MATH = YES;
				ONLY_ACTIVE_ARCH = YES;
				SDKROOT = iphoneos;
				SWIFT_ACTIVE_COMPILATION_CONDITIONS = "DEBUG $(inherited)";
				SWIFT_OPTIMIZATION_LEVEL = "-Onone";
			};
			name = Debug;
		};
		1FAEBBAB2B96159700659397 /* Release */ = {
			isa = XCBuildConfiguration;
			buildSettings = {
				ALWAYS_SEARCH_USER_PATHS = NO;
				ASSETCATALOG_COMPILER_GENERATE_SWIFT_ASSET_SYMBOL_EXTENSIONS = YES;
				CLANG_ANALYZER_NONNULL = YES;
				CLANG_ANALYZER_NUMBER_OBJECT_CONVERSION = YES_AGGRESSIVE;
				CLANG_CXX_LANGUAGE_STANDARD = "gnu++20";
				CLANG_ENABLE_MODULES = YES;
				CLANG_ENABLE_OBJC_ARC = YES;
				CLANG_ENABLE_OBJC_WEAK = YES;
				CLANG_WARN_BLOCK_CAPTURE_AUTORELEASING = YES;
				CLANG_WARN_BOOL_CONVERSION = YES;
				CLANG_WARN_COMMA = YES;
				CLANG_WARN_CONSTANT_CONVERSION = YES;
				CLANG_WARN_DEPRECATED_OBJC_IMPLEMENTATIONS = YES;
				CLANG_WARN_DIRECT_OBJC_ISA_USAGE = YES_ERROR;
				CLANG_WARN_DOCUMENTATION_COMMENTS = YES;
				CLANG_WARN_EMPTY_BODY = YES;
				CLANG_WARN_ENUM_CONVERSION = YES;
				CLANG_WARN_INFINITE_RECURSION = YES;
				CLANG_WARN_INT_CONVERSION = YES;
				CLANG_WARN_NON_LITERAL_NULL_CONVERSION = YES;
				CLANG_WARN_OBJC_IMPLICIT_RETAIN_SELF = YES;
				CLANG_WARN_OBJC_LITERAL_CONVERSION = YES;
				CLANG_WARN_OBJC_ROOT_CLASS = YES_ERROR;
				CLANG_WARN_QUOTED_INCLUDE_IN_FRAMEWORK_HEADER = YES;
				CLANG_WARN_RANGE_LOOP_ANALYSIS = YES;
				CLANG_WARN_STRICT_PROTOTYPES = YES;
				CLANG_WARN_SUSPICIOUS_MOVE = YES;
				CLANG_WARN_UNGUARDED_AVAILABILITY = YES_AGGRESSIVE;
				CLANG_WARN_UNREACHABLE_CODE = YES;
				CLANG_WARN__DUPLICATE_METHOD_MATCH = YES;
				COPY_PHASE_STRIP = NO;
				DEBUG_INFORMATION_FORMAT = "dwarf-with-dsym";
				ENABLE_NS_ASSERTIONS = NO;
				ENABLE_STRICT_OBJC_MSGSEND = YES;
				ENABLE_USER_SCRIPT_SANDBOXING = YES;
				GCC_C_LANGUAGE_STANDARD = gnu17;
				GCC_NO_COMMON_BLOCKS = YES;
				GCC_WARN_64_TO_32_BIT_CONVERSION = YES;
				GCC_WARN_ABOUT_RETURN_TYPE = YES_ERROR;
				GCC_WARN_UNDECLARED_SELECTOR = YES;
				GCC_WARN_UNINITIALIZED_AUTOS = YES_AGGRESSIVE;
				GCC_WARN_UNUSED_FUNCTION = YES;
				GCC_WARN_UNUSED_VARIABLE = YES;
				IPHONEOS_DEPLOYMENT_TARGET = 17.2;
				LOCALIZATION_PREFERS_STRING_CATALOGS = YES;
				MTL_ENABLE_DEBUG_INFO = NO;
				MTL_FAST_MATH = YES;
				SDKROOT = iphoneos;
				SWIFT_COMPILATION_MODE = wholemodule;
				VALIDATE_PRODUCT = YES;
			};
			name = Release;
		};
		1FAEBBAD2B96159700659397 /* Debug */ = {
			isa = XCBuildConfiguration;
			buildSettings = {
				ASSETCATALOG_COMPILER_APPICON_NAME = AppIcon;
				ASSETCATALOG_COMPILER_GLOBAL_ACCENT_COLOR_NAME = AccentColor;
				CODE_SIGN_STYLE = Automatic;
				CURRENT_PROJECT_VERSION = 1;
				DEVELOPMENT_ASSET_PATHS = "\"Accidents/Preview Content\"";
				DEVELOPMENT_TEAM = P3K32DW2KW;
				ENABLE_PREVIEWS = YES;
				ENABLE_USER_SCRIPT_SANDBOXING = NO;
				GENERATE_INFOPLIST_FILE = YES;
				INFOPLIST_KEY_UIApplicationSceneManifest_Generation = YES;
				INFOPLIST_KEY_UIApplicationSupportsIndirectInputEvents = YES;
				INFOPLIST_KEY_UILaunchScreen_Generation = YES;
				INFOPLIST_KEY_UISupportedInterfaceOrientations_iPad = "UIInterfaceOrientationPortrait UIInterfaceOrientationPortraitUpsideDown UIInterfaceOrientationLandscapeLeft UIInterfaceOrientationLandscapeRight";
				INFOPLIST_KEY_UISupportedInterfaceOrientations_iPhone = "UIInterfaceOrientationPortrait UIInterfaceOrientationLandscapeLeft UIInterfaceOrientationLandscapeRight";
				IPHONEOS_DEPLOYMENT_TARGET = 17.0;
				LD_RUNPATH_SEARCH_PATHS = (
					"$(inherited)",
					"@executable_path/Frameworks",
				);
				MARKETING_VERSION = 1.0;
				PRODUCT_BUNDLE_IDENTIFIER = com.marcel.Accidents;
				PRODUCT_NAME = "$(TARGET_NAME)";
				SWIFT_EMIT_LOC_STRINGS = YES;
				SWIFT_VERSION = 5.0;
				TARGETED_DEVICE_FAMILY = "1,2";
			};
			name = Debug;
		};
		1FAEBBAE2B96159700659397 /* Release */ = {
			isa = XCBuildConfiguration;
			buildSettings = {
				ASSETCATALOG_COMPILER_APPICON_NAME = AppIcon;
				ASSETCATALOG_COMPILER_GLOBAL_ACCENT_COLOR_NAME = AccentColor;
				CODE_SIGN_STYLE = Automatic;
				CURRENT_PROJECT_VERSION = 1;
				DEVELOPMENT_ASSET_PATHS = "\"Accidents/Preview Content\"";
				DEVELOPMENT_TEAM = P3K32DW2KW;
				ENABLE_PREVIEWS = YES;
				ENABLE_USER_SCRIPT_SANDBOXING = NO;
				GENERATE_INFOPLIST_FILE = YES;
				INFOPLIST_KEY_UIApplicationSceneManifest_Generation = YES;
				INFOPLIST_KEY_UIApplicationSupportsIndirectInputEvents = YES;
				INFOPLIST_KEY_UILaunchScreen_Generation = YES;
				INFOPLIST_KEY_UISupportedInterfaceOrientations_iPad = "UIInterfaceOrientationPortrait UIInterfaceOrientationPortraitUpsideDown UIInterfaceOrientationLandscapeLeft UIInterfaceOrientationLandscapeRight";
				INFOPLIST_KEY_UISupportedInterfaceOrientations_iPhone = "UIInterfaceOrientationPortrait UIInterfaceOrientationLandscapeLeft UIInterfaceOrientationLandscapeRight";
				IPHONEOS_DEPLOYMENT_TARGET = 17.0;
				LD_RUNPATH_SEARCH_PATHS = (
					"$(inherited)",
					"@executable_path/Frameworks",
				);
				MARKETING_VERSION = 1.0;
				PRODUCT_BUNDLE_IDENTIFIER = com.marcel.Accidents;
				PRODUCT_NAME = "$(TARGET_NAME)";
				SWIFT_EMIT_LOC_STRINGS = YES;
				SWIFT_VERSION = 5.0;
				TARGETED_DEVICE_FAMILY = "1,2";
			};
			name = Release;
		};
		1FAEBBB02B96159700659397 /* Debug */ = {
			isa = XCBuildConfiguration;
			buildSettings = {
				BUNDLE_LOADER = "$(TEST_HOST)";
				CODE_SIGN_STYLE = Automatic;
				CURRENT_PROJECT_VERSION = 1;
				DEVELOPMENT_TEAM = P3K32DW2KW;
				GENERATE_INFOPLIST_FILE = YES;
				IPHONEOS_DEPLOYMENT_TARGET = 17.4;
				MARKETING_VERSION = 1.0;
				PRODUCT_BUNDLE_IDENTIFIER = com.marcel.AccidentsTests;
				PRODUCT_NAME = "$(TARGET_NAME)";
				SWIFT_EMIT_LOC_STRINGS = NO;
				SWIFT_VERSION = 5.0;
				TARGETED_DEVICE_FAMILY = "1,2";
				TEST_HOST = "$(BUILT_PRODUCTS_DIR)/Accidents.app/$(BUNDLE_EXECUTABLE_FOLDER_PATH)/Accidents";
			};
			name = Debug;
		};
		1FAEBBB12B96159700659397 /* Release */ = {
			isa = XCBuildConfiguration;
			buildSettings = {
				BUNDLE_LOADER = "$(TEST_HOST)";
				CODE_SIGN_STYLE = Automatic;
				CURRENT_PROJECT_VERSION = 1;
				DEVELOPMENT_TEAM = P3K32DW2KW;
				GENERATE_INFOPLIST_FILE = YES;
				IPHONEOS_DEPLOYMENT_TARGET = 17.4;
				MARKETING_VERSION = 1.0;
				PRODUCT_BUNDLE_IDENTIFIER = com.marcel.AccidentsTests;
				PRODUCT_NAME = "$(TARGET_NAME)";
				SWIFT_EMIT_LOC_STRINGS = NO;
				SWIFT_VERSION = 5.0;
				TARGETED_DEVICE_FAMILY = "1,2";
				TEST_HOST = "$(BUILT_PRODUCTS_DIR)/Accidents.app/$(BUNDLE_EXECUTABLE_FOLDER_PATH)/Accidents";
			};
			name = Release;
		};
/* End XCBuildConfiguration section */

/* Begin XCConfigurationList section */
		1FAEBB832B96159500659397 /* Build configuration list for PBXProject "Accidents" */ = {
			isa = XCConfigurationList;
			buildConfigurations = (
				1FAEBBAA2B96159700659397 /* Debug */,
				1FAEBBAB2B96159700659397 /* Release */,
			);
			defaultConfigurationIsVisible = 0;
			defaultConfigurationName = Release;
		};
		1FAEBBAC2B96159700659397 /* Build configuration list for PBXNativeTarget "Accidents" */ = {
			isa = XCConfigurationList;
			buildConfigurations = (
				1FAEBBAD2B96159700659397 /* Debug */,
				1FAEBBAE2B96159700659397 /* Release */,
			);
			defaultConfigurationIsVisible = 0;
			defaultConfigurationName = Release;
		};
		1FAEBBAF2B96159700659397 /* Build configuration list for PBXNativeTarget "AccidentsTests" */ = {
			isa = XCConfigurationList;
			buildConfigurations = (
				1FAEBBB02B96159700659397 /* Debug */,
				1FAEBBB12B96159700659397 /* Release */,
			);
			defaultConfigurationIsVisible = 0;
			defaultConfigurationName = Release;
		};
/* End XCConfigurationList section */

/* Begin XCVersionGroup section */
		1F564B352D1829E7009504A0 /* Accidents.xcdatamodeld */ = {
			isa = XCVersionGroup;
			children = (
				1F564B392D1829E7009504A0 /* Accidents.xcdatamodel */,
			);
			currentVersion = 1F564B392D1829E7009504A0 /* Accidents.xcdatamodel */;
			path = Accidents.xcdatamodeld;
			sourceTree = "<group>";
			versionGroupType = wrapper.xcdatamodel;
		};
/* End XCVersionGroup section */
	};
	rootObject = 1FAEBB802B96159500659397 /* Project object */;
}
